
Microsoft Visual Studio Solution File, Format Version 12.00
# Visual Studio Version 17
VisualStudioVersion = 17.13.35919.96 d17.13
MinimumVisualStudioVersion = 10.0.40219.1
Project("{FAE04EC0-301F-11D3-BF4B-00C04F79EFBC}") = "DeviceManagement.Api", "DeviceManagement.Api.csproj", "{C8C27E0C-DFFB-4970-922D-C0461E3833AA}"
EndProject
Global
	GlobalSection(SolutionConfigurationPlatforms) = preSolution
		Debug|Any CPU = Debug|Any CPU
		Release|Any CPU = Release|Any CPU
	EndGlobalSection
	GlobalSection(ProjectConfigurationPlatforms) = postSolution
		{C8C27E0C-DFFB-4970-922D-C0461E3833AA}.Debug|Any CPU.ActiveCfg = Debug|Any CPU
		{C8C27E0C-DFFB-4970-922D-C0461E3833AA}.Debug|Any CPU.Build.0 = Debug|Any CPU
		{C8C27E0C-DFFB-4970-922D-C0461E3833AA}.Release|Any CPU.ActiveCfg = Release|Any CPU
		{C8C27E0C-DFFB-4970-922D-C0461E3833AA}.Release|Any CPU.Build.0 = Release|Any CPU
	EndGlobalSection
	GlobalSection(SolutionProperties) = preSolution
		HideSolutionNode = FALSE
	EndGlobalSection
	GlobalSection(ExtensibilityGlobals) = postSolution
		SolutionGuid = {6F49D210-B207-44E5-AD50-314F54F54F06}
	EndGlobalSection
EndGlobal
